
Microsoft Visual Studio Solution File, Format Version 12.00
# Visual Studio Version 17
VisualStudioVersion = 17.14.36301.6 d17.14
MinimumVisualStudioVersion = 10.0.40219.1
Project("{FAE04EC0-301F-11D3-BF4B-00C04F79EFBC}") = "HamyarApp", "HamyarApp\HamyarApp.csproj", "{A77AFD1A-C0F6-4133-8C94-53E54873B303}"
EndProject
Global
	GlobalSection(SolutionConfigurationPlatforms) = preSolution
		Debug|Any CPU = Debug|Any CPU
		Release|Any CPU = Release|Any CPU
	EndGlobalSection
	GlobalSection(ProjectConfigurationPlatforms) = postSolution
		{A77AFD1A-C0F6-4133-8C94-53E54873B303}.Debug|Any CPU.ActiveCfg = Debug|Any CPU
		{A77AFD1A-C0F6-4133-8C94-53E54873B303}.Debug|Any CPU.Build.0 = Debug|Any CPU
		{A77AFD1A-C0F6-4133-8C94-53E54873B303}.Release|Any CPU.ActiveCfg = Release|Any CPU
		{A77AFD1A-C0F6-4133-8C94-53E54873B303}.Release|Any CPU.Build.0 = Release|Any CPU
	EndGlobalSection
	GlobalSection(SolutionProperties) = preSolution
		HideSolutionNode = FALSE
	EndGlobalSection
	GlobalSection(ExtensibilityGlobals) = postSolution
		SolutionGuid = {2DABF08C-4180-4A82-8906-5CB7BF7DC358}
	EndGlobalSection
EndGlobal
